
Microsoft Visual Studio Solution File, Format Version 12.00
# Visual Studio Version 16
VisualStudioVersion = 16.0.31005.135
MinimumVisualStudioVersion = 10.0.40219.1
Project("{FAE04EC0-301F-11D3-BF4B-00C04F79EFBC}") = "RestAPI", "RestAPI\RestAPI.csproj", "{4CD8F4FC-35F3-4CD2-B1C5-62B909314268}"
EndProject
Project("{FAE04EC0-301F-11D3-BF4B-00C04F79EFBC}") = "XUnitTest", "XUnitTest\XUnitTest.csproj", "{E9871A94-14DD-43FF-A058-3044A79565E0}"
EndProject
Global
	GlobalSection(SolutionConfigurationPlatforms) = preSolution
		Debug|Any CPU = Debug|Any CPU
		Release|Any CPU = Release|Any CPU
	EndGlobalSection
	GlobalSection(ProjectConfigurationPlatforms) = postSolution
		{4CD8F4FC-35F3-4CD2-B1C5-62B909314268}.Debug|Any CPU.ActiveCfg = Debug|Any CPU
		{4CD8F4FC-35F3-4CD2-B1C5-62B909314268}.Debug|Any CPU.Build.0 = Debug|Any CPU
		{4CD8F4FC-35F3-4CD2-B1C5-62B909314268}.Release|Any CPU.ActiveCfg = Release|Any CPU
		{4CD8F4FC-35F3-4CD2-B1C5-62B909314268}.Release|Any CPU.Build.0 = Release|Any CPU
		{E9871A94-14DD-43FF-A058-3044A79565E0}.Debug|Any CPU.ActiveCfg = Debug|Any CPU
		{E9871A94-14DD-43FF-A058-3044A79565E0}.Debug|Any CPU.Build.0 = Debug|Any CPU
		{E9871A94-14DD-43FF-A058-3044A79565E0}.Release|Any CPU.ActiveCfg = Release|Any CPU
		{E9871A94-14DD-43FF-A058-3044A79565E0}.Release|Any CPU.Build.0 = Release|Any CPU
	EndGlobalSection
	GlobalSection(SolutionProperties) = preSolution
		HideSolutionNode = FALSE
	EndGlobalSection
	GlobalSection(ExtensibilityGlobals) = postSolution
		SolutionGuid = {090B203E-6851-4129-BFB7-6B24AF06CFE6}
	EndGlobalSection
EndGlobal
